
Microsoft Visual Studio Solution File, Format Version 12.00
# Visual Studio Version 17
VisualStudioVersion = 17.5.002.0
MinimumVisualStudioVersion = 10.0.40219.1
Project("{9A19103F-16F7-4668-BE54-9A1E7A4F7556}") = "Library", "Library\Library.csproj", "{DB4F1275-BE42-432F-B499-3E7133E9366D}"
EndProject
Project("{9A19103F-16F7-4668-BE54-9A1E7A4F7556}") = "Program", "Program\Program.csproj", "{A0E7ADA0-80FD-47A8-B153-64DD7357DFCC}"
EndProject
Global
	GlobalSection(SolutionConfigurationPlatforms) = preSolution
		Debug|Any CPU = Debug|Any CPU
		Release|Any CPU = Release|Any CPU
	EndGlobalSection
	GlobalSection(ProjectConfigurationPlatforms) = postSolution
		{DB4F1275-BE42-432F-B499-3E7133E9366D}.Debug|Any CPU.ActiveCfg = Debug|Any CPU
		{DB4F1275-BE42-432F-B499-3E7133E9366D}.Debug|Any CPU.Build.0 = Debug|Any CPU
		{DB4F1275-BE42-432F-B499-3E7133E9366D}.Release|Any CPU.ActiveCfg = Release|Any CPU
		{DB4F1275-BE42-432F-B499-3E7133E9366D}.Release|Any CPU.Build.0 = Release|Any CPU
		{A0E7ADA0-80FD-47A8-B153-64DD7357DFCC}.Debug|Any CPU.ActiveCfg = Debug|Any CPU
		{A0E7ADA0-80FD-47A8-B153-64DD7357DFCC}.Debug|Any CPU.Build.0 = Debug|Any CPU
		{A0E7ADA0-80FD-47A8-B153-64DD7357DFCC}.Release|Any CPU.ActiveCfg = Release|Any CPU
		{A0E7ADA0-80FD-47A8-B153-64DD7357DFCC}.Release|Any CPU.Build.0 = Release|Any CPU
	EndGlobalSection
	GlobalSection(SolutionProperties) = preSolution
		HideSolutionNode = FALSE
	EndGlobalSection
	GlobalSection(ExtensibilityGlobals) = postSolution
		SolutionGuid = {0E711255-4BB0-4A95-A0A4-DC55BCC4E36D}
	EndGlobalSection
EndGlobal
